// !$*UTF8*$!
{
	archiveVersion = 1;
	classes = {
	};
	objectVersion = 46;
	objects = {

/* Begin PBXBuildFile section */
		60633F1A1F3E7D87003480AD /* AppDelegate.swift in Sources */ = {isa = PBXBuildFile; fileRef = 60633F191F3E7D87003480AD /* AppDelegate.swift */; };
		60633F1C1F3E7D87003480AD /* ViewController.swift in Sources */ = {isa = PBXBuildFile; fileRef = 60633F1B1F3E7D87003480AD /* ViewController.swift */; };
		60633F1F1F3E7D87003480AD /* Main.storyboard in Resources */ = {isa = PBXBuildFile; fileRef = 60633F1D1F3E7D87003480AD /* Main.storyboard */; };
		60633F211F3E7D87003480AD /* Assets.xcassets in Resources */ = {isa = PBXBuildFile; fileRef = 60633F201F3E7D87003480AD /* Assets.xcassets */; };
		60633F241F3E7D87003480AD /* LaunchScreen.storyboard in Resources */ = {isa = PBXBuildFile; fileRef = 60633F221F3E7D87003480AD /* LaunchScreen.storyboard */; };
		60633F301F3E7DDE003480AD /* pants.jpg in Resources */ = {isa = PBXBuildFile; fileRef = 60633F2B1F3E7DDE003480AD /* pants.jpg */; };
		60633F311F3E7DDE003480AD /* shirt.jpg in Resources */ = {isa = PBXBuildFile; fileRef = 60633F2C1F3E7DDE003480AD /* shirt.jpg */; };
		60633F321F3E7DDE003480AD /* teddy-bear-pics-15.jpg in Resources */ = {isa = PBXBuildFile; fileRef = 60633F2D1F3E7DDE003480AD /* teddy-bear-pics-15.jpg */; };
		60633F331F3E7DDE003480AD /* teddywshirt.jpg in Resources */ = {isa = PBXBuildFile; fileRef = 60633F2E1F3E7DDE003480AD /* teddywshirt.jpg */; };
		60633F341F3E7DDE003480AD /* teddywshirtandpants.jpg in Resources */ = {isa = PBXBuildFile; fileRef = 60633F2F1F3E7DDE003480AD /* teddywshirtandpants.jpg */; };
		60633F371F429764003480AD /* teddy.png in Resources */ = {isa = PBXBuildFile; fileRef = 60633F361F429764003480AD /* teddy.png */; };
		60633F391F42A98B003480AD /* shirt-icon.png in Resources */ = {isa = PBXBuildFile; fileRef = 60633F381F42A98B003480AD /* shirt-icon.png */; };
		60633F3B1F42A9A3003480AD /* pant-icon.png in Resources */ = {isa = PBXBuildFile; fileRef = 60633F3A1F42A9A3003480AD /* pant-icon.png */; };
/* End PBXBuildFile section */

/* Begin PBXFileReference section */
		60633F161F3E7D87003480AD /* DressMeUpTeddy.app */ = {isa = PBXFileReference; explicitFileType = wrapper.application; includeInIndex = 0; path = DressMeUpTeddy.app; sourceTree = BUILT_PRODUCTS_DIR; };
		60633F191F3E7D87003480AD /* AppDelegate.swift */ = {isa = PBXFileReference; lastKnownFileType = sourcecode.swift; path = AppDelegate.swift; sourceTree = "<group>"; };
		60633F1B1F3E7D87003480AD /* ViewController.swift */ = {isa = PBXFileReference; lastKnownFileType = sourcecode.swift; path = ViewController.swift; sourceTree = "<group>"; };
		60633F1E1F3E7D87003480AD /* Base */ = {isa = PBXFileReference; lastKnownFileType = file.storyboard; name = Base; path = Base.lproj/Main.storyboard; sourceTree = "<group>"; };
		60633F201F3E7D87003480AD /* Assets.xcassets */ = {isa = PBXFileReference; lastKnownFileType = folder.assetcatalog; path = Assets.xcassets; sourceTree = "<group>"; };
		60633F231F3E7D87003480AD /* Base */ = {isa = PBXFileReference; lastKnownFileType = file.storyboard; name = Base; path = Base.lproj/LaunchScreen.storyboard; sourceTree = "<group>"; };
		60633F251F3E7D87003480AD /* Info.plist */ = {isa = PBXFileReference; lastKnownFileType = text.plist.xml; path = Info.plist; sourceTree = "<group>"; };
		60633F2B1F3E7DDE003480AD /* pants.jpg */ = {isa = PBXFileReference; lastKnownFileType = image.jpeg; path = pants.jpg; sourceTree = "<group>"; };
		60633F2C1F3E7DDE003480AD /* shirt.jpg */ = {isa = PBXFileReference; lastKnownFileType = image.jpeg; path = shirt.jpg; sourceTree = "<group>"; };
		60633F2D1F3E7DDE003480AD /* teddy-bear-pics-15.jpg */ = {isa = PBXFileReference; lastKnownFileType = image.jpeg; path = "teddy-bear-pics-15.jpg"; sourceTree = "<group>"; };
		60633F2E1F3E7DDE003480AD /* teddywshirt.jpg */ = {isa = PBXFileReference; lastKnownFileType = image.jpeg; path = teddywshirt.jpg; sourceTree = "<group>"; };
		60633F2F1F3E7DDE003480AD /* teddywshirtandpants.jpg */ = {isa = PBXFileReference; lastKnownFileType = image.jpeg; path = teddywshirtandpants.jpg; sourceTree = "<group>"; };
		60633F361F429764003480AD /* teddy.png */ = {isa = PBXFileReference; lastKnownFileType = image.png; path = teddy.png; sourceTree = "<group>"; };
		60633F381F42A98B003480AD /* shirt-icon.png */ = {isa = PBXFileReference; lastKnownFileType = image.png; path = "shirt-icon.png"; sourceTree = "<group>"; };
		60633F3A1F42A9A3003480AD /* pant-icon.png */ = {isa = PBXFileReference; lastKnownFileType = image.png; path = "pant-icon.png"; sourceTree = "<group>"; };
/* End PBXFileReference section */

/* Begin PBXFrameworksBuildPhase section */
		60633F131F3E7D87003480AD /* Frameworks */ = {
			isa = PBXFrameworksBuildPhase;
			buildActionMask = 2147483647;
			files = (
			);
			runOnlyForDeploymentPostprocessing = 0;
		};
/* End PBXFrameworksBuildPhase section */

/* Begin PBXGroup section */
		60633F0D1F3E7D87003480AD = {
			isa = PBXGroup;
			children = (
				60633F181F3E7D87003480AD /* DressMeUpTeddy */,
				60633F171F3E7D87003480AD /* Products */,
			);
			sourceTree = "<group>";
		};
		60633F171F3E7D87003480AD /* Products */ = {
			isa = PBXGroup;
			children = (
				60633F161F3E7D87003480AD /* DressMeUpTeddy.app */,
			);
			name = Products;
			sourceTree = "<group>";
		};
		60633F181F3E7D87003480AD /* DressMeUpTeddy */ = {
			isa = PBXGroup;
			children = (
				60633F351F3E7DF1003480AD /* Images */,
				60633F191F3E7D87003480AD /* AppDelegate.swift */,
				60633F1B1F3E7D87003480AD /* ViewController.swift */,
				60633F1D1F3E7D87003480AD /* Main.storyboard */,
				60633F201F3E7D87003480AD /* Assets.xcassets */,
				60633F221F3E7D87003480AD /* LaunchScreen.storyboard */,
				60633F251F3E7D87003480AD /* Info.plist */,
			);
			path = DressMeUpTeddy;
			sourceTree = "<group>";
		};
		60633F351F3E7DF1003480AD /* Images */ = {
			isa = PBXGroup;
			children = (
				60633F3A1F42A9A3003480AD /* pant-icon.png */,
				60633F381F42A98B003480AD /* shirt-icon.png */,
				60633F361F429764003480AD /* teddy.png */,
				60633F2B1F3E7DDE003480AD /* pants.jpg */,
				60633F2C1F3E7DDE003480AD /* shirt.jpg */,
				60633F2D1F3E7DDE003480AD /* teddy-bear-pics-15.jpg */,
				60633F2E1F3E7DDE003480AD /* teddywshirt.jpg */,
				60633F2F1F3E7DDE003480AD /* teddywshirtandpants.jpg */,
			);
			name = Images;
			sourceTree = "<group>";
		};
/* End PBXGroup section */

/* Begin PBXNativeTarget section */
		60633F151F3E7D87003480AD /* DressMeUpTeddy */ = {
			isa = PBXNativeTarget;
			buildConfigurationList = 60633F281F3E7D87003480AD /* Build configuration list for PBXNativeTarget "DressMeUpTeddy" */;
			buildPhases = (
				60633F121F3E7D87003480AD /* Sources */,
				60633F131F3E7D87003480AD /* Frameworks */,
				60633F141F3E7D87003480AD /* Resources */,
			);
			buildRules = (
			);
			dependencies = (
			);
			name = DressMeUpTeddy;
			productName = DressMeUpTeddy;
			productReference = 60633F161F3E7D87003480AD /* DressMeUpTeddy.app */;
			productType = "com.apple.product-type.application";
		};
/* End PBXNativeTarget section */

/* Begin PBXProject section */
		60633F0E1F3E7D87003480AD /* Project object */ = {
			isa = PBXProject;
			attributes = {
				LastSwiftUpdateCheck = 0830;
				LastUpgradeCheck = 0830;
				ORGANIZATIONNAME = "Breanna Nasholm";
				TargetAttributes = {
					60633F151F3E7D87003480AD = {
						CreatedOnToolsVersion = 8.3.3;
						DevelopmentTeam = HHQ4W5F32Y;
						ProvisioningStyle = Automatic;
					};
				};
			};
			buildConfigurationList = 60633F111F3E7D87003480AD /* Build configuration list for PBXProject "DressMeUpTeddy" */;
			compatibilityVersion = "Xcode 3.2";
			developmentRegion = English;
			hasScannedForEncodings = 0;
			knownRegions = (
				en,
				Base,
			);
			mainGroup = 60633F0D1F3E7D87003480AD;
			productRefGroup = 60633F171F3E7D87003480AD /* Products */;
			projectDirPath = "";
			projectRoot = "";
			targets = (
				60633F151F3E7D87003480AD /* DressMeUpTeddy */,
			);
		};
/* End PBXProject section */

/* Begin PBXResourcesBuildPhase section */
		60633F141F3E7D87003480AD /* Resources */ = {
			isa = PBXResourcesBuildPhase;
			buildActionMask = 2147483647;
			files = (
				60633F241F3E7D87003480AD /* LaunchScreen.storyboard in Resources */,
				60633F211F3E7D87003480AD /* Assets.xcassets in Resources */,
				60633F341F3E7DDE003480AD /* teddywshirtandpants.jpg in Resources */,
				60633F331F3E7DDE003480AD /* teddywshirt.jpg in Resources */,
				60633F311F3E7DDE003480AD /* shirt.jpg in Resources */,
				60633F301F3E7DDE003480AD /* pants.jpg in Resources */,
				60633F1F1F3E7D87003480AD /* Main.storyboard in Resources */,
				60633F321F3E7DDE003480AD /* teddy-bear-pics-15.jpg in Resources */,
				60633F371F429764003480AD /* teddy.png in Resources */,
				60633F3B1F42A9A3003480AD /* pant-icon.png in Resources */,
				60633F391F42A98B003480AD /* shirt-icon.png in Resources */,
			);
			runOnlyForDeploymentPostprocessing = 0;
		};
/* End PBXResourcesBuildPhase section */

/* Begin PBXSourcesBuildPhase section */
		60633F121F3E7D87003480AD /* Sources */ = {
			isa = PBXSourcesBuildPhase;
			buildActionMask = 2147483647;
			files = (
				60633F1C1F3E7D87003480AD /* ViewController.swift in Sources */,
				60633F1A1F3E7D87003480AD /* AppDelegate.swift in Sources */,
			);
			runOnlyForDeploymentPostprocessing = 0;
		};
/* End PBXSourcesBuildPhase section */

/* Begin PBXVariantGroup section */
		60633F1D1F3E7D87003480AD /* Main.storyboard */ = {
			isa = PBXVariantGroup;
			children = (
				60633F1E1F3E7D87003480AD /* Base */,
			);
			name = Main.storyboard;
			sourceTree = "<group>";
		};
		60633F221F3E7D87003480AD /* LaunchScreen.storyboard */ = {
			isa = PBXVariantGroup;
			children = (
				60633F231F3E7D87003480AD /* Base */,
			);
			name = LaunchScreen.storyboard;
			sourceTree = "<group>";
		};
/* End PBXVariantGroup section */

/* Begin XCBuildConfiguration section */
		60633F261F3E7D87003480AD /* Debug */ = {
			isa = XCBuildConfiguration;
			buildSettings = {
				ALWAYS_SEARCH_USER_PATHS = NO;
				CLANG_ANALYZER_NONNULL = YES;
				CLANG_ANALYZER_NUMBER_OBJECT_CONVERSION = YES_AGGRESSIVE;
				CLANG_CXX_LANGUAGE_STANDARD = "gnu++0x";
				CLANG_CXX_LIBRARY = "libc++";
				CLANG_ENABLE_MODULES = YES;
				CLANG_ENABLE_OBJC_ARC = YES;
				CLANG_WARN_BOOL_CONVERSION = YES;
				CLANG_WARN_CONSTANT_CONVERSION = YES;
				CLANG_WARN_DIRECT_OBJC_ISA_USAGE = YES_ERROR;
				CLANG_WARN_DOCUMENTATION_COMMENTS = YES;
				CLANG_WARN_EMPTY_BODY = YES;
				CLANG_WARN_ENUM_CONVERSION = YES;
				CLANG_WARN_INFINITE_RECURSION = YES;
				CLANG_WARN_INT_CONVERSION = YES;
				CLANG_WARN_OBJC_ROOT_CLASS = YES_ERROR;
				CLANG_WARN_SUSPICIOUS_MOVE = YES;
				CLANG_WARN_UNREACHABLE_CODE = YES;
				CLANG_WARN__DUPLICATE_METHOD_MATCH = YES;
				"CODE_SIGN_IDENTITY[sdk=iphoneos*]" = "iPhone Developer";
				COPY_PHASE_STRIP = NO;
				DEBUG_INFORMATION_FORMAT = dwarf;
				ENABLE_STRICT_OBJC_MSGSEND = YES;
				ENABLE_TESTABILITY = YES;
				GCC_C_LANGUAGE_STANDARD = gnu99;
				GCC_DYNAMIC_NO_PIC = NO;
				GCC_NO_COMMON_BLOCKS = YES;
				GCC_OPTIMIZATION_LEVEL = 0;
				GCC_PREPROCESSOR_DEFINITIONS = (
					"DEBUG=1",
					"$(inherited)",
				);
				GCC_WARN_64_TO_32_BIT_CONVERSION = YES;
				GCC_WARN_ABOUT_RETURN_TYPE = YES_ERROR;
				GCC_WARN_UNDECLARED_SELECTOR = YES;
				GCC_WARN_UNINITIALIZED_AUTOS = YES_AGGRESSIVE;
				GCC_WARN_UNUSED_FUNCTION = YES;
				GCC_WARN_UNUSED_VARIABLE = YES;
				IPHONEOS_DEPLOYMENT_TARGET = 10.3;
				MTL_ENABLE_DEBUG_INFO = YES;
				ONLY_ACTIVE_ARCH = YES;
				SDKROOT = iphoneos;
				SWIFT_ACTIVE_COMPILATION_CONDITIONS = DEBUG;
				SWIFT_OPTIMIZATION_LEVEL = "-Onone";
			};
			name = Debug;
		};
		60633F271F3E7D87003480AD /* Release */ = {
			isa = XCBuildConfiguration;
			buildSettings = {
				ALWAYS_SEARCH_USER_PATHS = NO;
				CLANG_ANALYZER_NONNULL = YES;
				CLANG_ANALYZER_NUMBER_OBJECT_CONVERSION = YES_AGGRESSIVE;
				CLANG_CXX_LANGUAGE_STANDARD = "gnu++0x";
				CLANG_CXX_LIBRARY = "libc++";
				CLANG_ENABLE_MODULES = YES;
				CLANG_ENABLE_OBJC_ARC = YES;
				CLANG_WARN_BOOL_CONVERSION = YES;
				CLANG_WARN_CONSTANT_CONVERSION = YES;
				CLANG_WARN_DIRECT_OBJC_ISA_USAGE = YES_ERROR;
				CLANG_WARN_DOCUMENTATION_COMMENTS = YES;
				CLANG_WARN_EMPTY_BODY = YES;
				CLANG_WARN_ENUM_CONVERSION = YES;
				CLANG_WARN_INFINITE_RECURSION = YES;
				CLANG_WARN_INT_CONVERSION = YES;
				CLANG_WARN_OBJC_ROOT_CLASS = YES_ERROR;
				CLANG_WARN_SUSPICIOUS_MOVE = YES;
				CLANG_WARN_UNREACHABLE_CODE = YES;
				CLANG_WARN__DUPLICATE_METHOD_MATCH = YES;
				"CODE_SIGN_IDENTITY[sdk=iphoneos*]" = "iPhone Developer";
				COPY_PHASE_STRIP = NO;
				DEBUG_INFORMATION_FORMAT = "dwarf-with-dsym";
				ENABLE_NS_ASSERTIONS = NO;
				ENABLE_STRICT_OBJC_MSGSEND = YES;
				GCC_C_LANGUAGE_STANDARD = gnu99;
				GCC_NO_COMMON_BLOCKS = YES;
				GCC_WARN_64_TO_32_BIT_CONVERSION = YES;
				GCC_WARN_ABOUT_RETURN_TYPE = YES_ERROR;
				GCC_WARN_UNDECLARED_SELECTOR = YES;
				GCC_WARN_UNINITIALIZED_AUTOS = YES_AGGRESSIVE;
				GCC_WARN_UNUSED_FUNCTION = YES;
				GCC_WARN_UNUSED_VARIABLE = YES;
				IPHONEOS_DEPLOYMENT_TARGET = 10.3;
				MTL_ENABLE_DEBUG_INFO = NO;
				SDKROOT = iphoneos;
				SWIFT_OPTIMIZATION_LEVEL = "-Owholemodule";
				VALIDATE_PRODUCT = YES;
			};
			name = Release;
		};
		60633F291F3E7D87003480AD /* Debug */ = {
			isa = XCBuildConfiguration;
			buildSettings = {
				ASSETCATALOG_COMPILER_APPICON_NAME = AppIcon;
				DEVELOPMENT_TEAM = HHQ4W5F32Y;
				INFOPLIST_FILE = DressMeUpTeddy/Info.plist;
				LD_RUNPATH_SEARCH_PATHS = "$(inherited) @executable_path/Frameworks";
				PRODUCT_BUNDLE_IDENTIFIER = com.BreannaNasholm.DressMeUpTeddy;
				PRODUCT_NAME = "$(TARGET_NAME)";
				SWIFT_VERSION = 3.0;
			};
			name = Debug;
		};
		60633F2A1F3E7D87003480AD /* Release */ = {
			isa = XCBuildConfiguration;
			buildSettings = {
				ASSETCATALOG_COMPILER_APPICON_NAME = AppIcon;
				DEVELOPMENT_TEAM = HHQ4W5F32Y;
				INFOPLIST_FILE = DressMeUpTeddy/Info.plist;
				LD_RUNPATH_SEARCH_PATHS = "$(inherited) @executable_path/Frameworks";
				PRODUCT_BUNDLE_IDENTIFIER = com.BreannaNasholm.DressMeUpTeddy;
				PRODUCT_NAME = "$(TARGET_NAME)";
				SWIFT_VERSION = 3.0;
			};
			name = Release;
		};
/* End XCBuildConfiguration section */

/* Begin XCConfigurationList section */
		60633F111F3E7D87003480AD /* Build configuration list for PBXProject "DressMeUpTeddy" */ = {
			isa = XCConfigurationList;
			buildConfigurations = (
				60633F261F3E7D87003480AD /* Debug */,
				60633F271F3E7D87003480AD /* Release */,
			);
			defaultConfigurationIsVisible = 0;
			defaultConfigurationName = Release;
		};
		60633F281F3E7D87003480AD /* Build configuration list for PBXNativeTarget "DressMeUpTeddy" */ = {
			isa = XCConfigurationList;
			buildConfigurations = (
				60633F291F3E7D87003480AD /* Debug */,
				60633F2A1F3E7D87003480AD /* Release */,
			);
			defaultConfigurationIsVisible = 0;
		};
/* End XCConfigurationList section */
	};
	rootObject = 60633F0E1F3E7D87003480AD /* Project object */;
}
